
Microsoft Visual Studio Solution File, Format Version 12.00
# Visual Studio Version 17
VisualStudioVersion = 17.0.32002.185
MinimumVisualStudioVersion = 10.0.40219.1
Project("{8BC9CEB8-8B4A-11D0-8D11-00A0C91BC942}") = "tema3", "tema3\tema3.vcxproj", "{1CC2F775-8CFC-4F79-BA4C-136E148289E0}"
EndProject
Global
	GlobalSection(SolutionConfigurationPlatforms) = preSolution
		Debug|x64 = Debug|x64
		Debug|x86 = Debug|x86
		Release|x64 = Release|x64
		Release|x86 = Release|x86
	EndGlobalSection
	GlobalSection(ProjectConfigurationPlatforms) = postSolution
		{1CC2F775-8CFC-4F79-BA4C-136E148289E0}.Debug|x64.ActiveCfg = Debug|x64
		{1CC2F775-8CFC-4F79-BA4C-136E148289E0}.Debug|x64.Build.0 = Debug|x64
		{1CC2F775-8CFC-4F79-BA4C-136E148289E0}.Debug|x86.ActiveCfg = Debug|Win32
		{1CC2F775-8CFC-4F79-BA4C-136E148289E0}.Debug|x86.Build.0 = Debug|Win32
		{1CC2F775-8CFC-4F79-BA4C-136E148289E0}.Release|x64.ActiveCfg = Release|x64
		{1CC2F775-8CFC-4F79-BA4C-136E148289E0}.Release|x64.Build.0 = Release|x64
		{1CC2F775-8CFC-4F79-BA4C-136E148289E0}.Release|x86.ActiveCfg = Release|Win32
		{1CC2F775-8CFC-4F79-BA4C-136E148289E0}.Release|x86.Build.0 = Release|Win32
	EndGlobalSection
	GlobalSection(SolutionProperties) = preSolution
		HideSolutionNode = FALSE
	EndGlobalSection
	GlobalSection(ExtensibilityGlobals) = postSolution
		SolutionGuid = {605CBE9F-E44C-44BD-820E-274BF1D0F01F}
	EndGlobalSection
EndGlobal
